
Microsoft Visual Studio Solution File, Format Version 12.00
# Visual Studio Version 17
VisualStudioVersion = 17.2.32526.322
MinimumVisualStudioVersion = 10.0.40219.1
Project("{FAE04EC0-301F-11D3-BF4B-00C04F79EFBC}") = "netCoreWebApi-Lab", "netCoreWebApi-Lab\netCoreWebApi-Lab.csproj", "{1AD05EB1-9ED0-4021-8DB6-4FD944CAC55B}"
EndProject
Global
	GlobalSection(SolutionConfigurationPlatforms) = preSolution
		Debug|Any CPU = Debug|Any CPU
		Release|Any CPU = Release|Any CPU
	EndGlobalSection
	GlobalSection(ProjectConfigurationPlatforms) = postSolution
		{1AD05EB1-9ED0-4021-8DB6-4FD944CAC55B}.Debug|Any CPU.ActiveCfg = Debug|Any CPU
		{1AD05EB1-9ED0-4021-8DB6-4FD944CAC55B}.Debug|Any CPU.Build.0 = Debug|Any CPU
		{1AD05EB1-9ED0-4021-8DB6-4FD944CAC55B}.Release|Any CPU.ActiveCfg = Release|Any CPU
		{1AD05EB1-9ED0-4021-8DB6-4FD944CAC55B}.Release|Any CPU.Build.0 = Release|Any CPU
	EndGlobalSection
	GlobalSection(SolutionProperties) = preSolution
		HideSolutionNode = FALSE
	EndGlobalSection
	GlobalSection(ExtensibilityGlobals) = postSolution
		SolutionGuid = {FBFD4017-3AF9-4340-B61B-B9674FF5F1CB}
	EndGlobalSection
EndGlobal
